<?xml version="1.0" encoding="utf-8"?>
<Project ToolsVersion="4.0" xmlns="http://schemas.microsoft.com/developer/msbuild/2003">
  <ItemGroup>
    <Filter Include="Source Files">
      <UniqueIdentifier>{4FC737F1-C7A5-4376-A066-2A32D752A2FF}</UniqueIdentifier>
      <Extensions>cpp;c;cc;cxx;def;odl;idl;hpj;bat;asm;asmx</Extensions>
    </Filter>
    <Filter Include="Header Files">
      <UniqueIdentifier>{93995380-89BD-4b04-88EB-625FBE52EBFB}</UniqueIdentifier>
      <Extensions>h;hpp;hxx;hm;inl;inc;xsd</Extensions>
    </Filter>
    <Filter Include="Resource Files">
      <UniqueIdentifier>{67DA6AB6-F800-4c08-8B7A-83BB121AAD01}</UniqueIdentifier>
      <Extensions>rc;ico;cur;bmp;dlg;rc2;rct;bin;rgs;gif;jpg;jpeg;jpe;resx;tiff;tif;png;wav</Extensions>
    </Filter>
  </ItemGroup>
  <ItemGroup>
    <ClCompile Include="common\win32\freeze.cpp">
      <Filter>Source Files</Filter>
    </ClCompile>
    <ClCompile Include="ldmicro\ansic.cpp">
      <Filter>Source Files</Filter>
    </ClCompile>
    <ClCompile Include="ldmicro\avr.cpp">
      <Filter>Source Files</Filter>
    </ClCompile>
    <ClCompile Include="ldmicro\circuit.cpp">
      <Filter>Source Files</Filter>
    </ClCompile>
    <ClCompile Include="ldmicro\coildialog.cpp">
      <Filter>Source Files</Filter>
    </ClCompile>
    <ClCompile Include="ldmicro\commentdialog.cpp">
      <Filter>Source Files</Filter>
    </ClCompile>
    <ClCompile Include="ldmicro\compilecommon.cpp">
      <Filter>Source Files</Filter>
    </ClCompile>
    <ClCompile Include="ldmicro\confdialog.cpp">
      <Filter>Source Files</Filter>
    </ClCompile>
    <ClCompile Include="ldmicro\contactsdialog.cpp">
      <Filter>Source Files</Filter>
    </ClCompile>
    <ClCompile Include="ldmicro\draw.cpp">
      <Filter>Source Files</Filter>
    </ClCompile>
    <ClCompile Include="ldmicro\draw_outputdev.cpp">
      <Filter>Source Files</Filter>
    </ClCompile>
    <ClCompile Include="ldmicro\helpdialog.cpp">
      <Filter>Source Files</Filter>
    </ClCompile>
    <ClCompile Include="ldmicro\intcode.cpp">
      <Filter>Source Files</Filter>
    </ClCompile>
    <ClCompile Include="ldmicro\interpreted.cpp">
      <Filter>Source Files</Filter>
    </ClCompile>
    <ClCompile Include="ldmicro\iolist.cpp">
      <Filter>Source Files</Filter>
    </ClCompile>
    <ClCompile Include="ldmicro\lang.cpp">
      <Filter>Source Files</Filter>
    </ClCompile>
    <ClCompile Include="ldmicro\ldmicro.cpp">
      <Filter>Source Files</Filter>
    </ClCompile>
    <ClCompile Include="ldmicro\loadsave.cpp">
      <Filter>Source Files</Filter>
    </ClCompile>
    <ClCompile Include="ldmicro\lutdialog.cpp">
      <Filter>Source Files</Filter>
    </ClCompile>
    <ClCompile Include="ldmicro\maincontrols.cpp">
      <Filter>Source Files</Filter>
    </ClCompile>
    <ClCompile Include="ldmicro\miscutil.cpp">
      <Filter>Source Files</Filter>
    </ClCompile>
    <ClCompile Include="ldmicro\pic16.cpp">
      <Filter>Source Files</Filter>
    </ClCompile>
    <ClCompile Include="ldmicro\resetdialog.cpp">
      <Filter>Source Files</Filter>
    </ClCompile>
    <ClCompile Include="ldmicro\schematic.cpp">
      <Filter>Source Files</Filter>
    </ClCompile>
    <ClCompile Include="ldmicro\simpledialog.cpp">
      <Filter>Source Files</Filter>
    </ClCompile>
    <ClCompile Include="ldmicro\simulate.cpp">
      <Filter>Source Files</Filter>
    </ClCompile>
    <ClCompile Include="ldmicro\undoredo.cpp">
      <Filter>Source Files</Filter>
    </ClCompile>
    <ClCompile Include="ldmicro\ldinterpret.c">
      <Filter>Source Files</Filter>
    </ClCompile>
    <ClCompile Include="ldmicro\obj\helptext.cpp">
      <Filter>Source Files</Filter>
    </ClCompile>
  </ItemGroup>
  <ItemGroup>
    <ClInclude Include="common\win32\freeze.h">
      <Filter>Header Files</Filter>
    </ClInclude>
    <ClInclude Include="ldmicro\intcode.h">
      <Filter>Header Files</Filter>
    </ClInclude>
    <ClInclude Include="ldmicro\ldmicro.h">
      <Filter>Header Files</Filter>
    </ClInclude>
    <ClInclude Include="ldmicro\mcutable.h">
      <Filter>Header Files</Filter>
    </ClInclude>
    <ClInclude Include="ldmicro\obj\lang-tables.h">
      <Filter>Header Files</Filter>
    </ClInclude>
  </ItemGroup>
  <ItemGroup>
    <ResourceCompile Include="ldmicro\ldmicro.rc">
      <Filter>Resource Files</Filter>
    </ResourceCompile>
  </ItemGroup>
</Project>